
Microsoft Visual Studio Solution File, Format Version 12.00
# Visual Studio Version 16
VisualStudioVersion = 16.0.30804.86
MinimumVisualStudioVersion = 10.0.40219.1
Project("{9A19103F-16F7-4668-BE54-9A1E7A4F7556}") = "ProjectA", "ProjectA\ProjectA.csproj", "{45831D54-85D2-4E48-BC5F-99BB4C3C99CA}"
EndProject
Project("{9A19103F-16F7-4668-BE54-9A1E7A4F7556}") = "ProjectB", "ProjectB\ProjectB.csproj", "{C807E291-DF2D-4078-A772-D016F3F57A61}"
EndProject
Project("{2150E333-8FDC-42A3-9474-1A3956D46DE8}") = "Solution Items", "Solution Items", "{7A3CF1FF-962C-44B6-903C-7CDE1447478F}"
	ProjectSection(SolutionItems) = preProject
		..\NuGet.config = ..\NuGet.config
	EndProjectSection
EndProject
Global
	GlobalSection(SolutionConfigurationPlatforms) = preSolution
		Debug|Any CPU = Debug|Any CPU
		Release|Any CPU = Release|Any CPU
	EndGlobalSection
	GlobalSection(ProjectConfigurationPlatforms) = postSolution
		{45831D54-85D2-4E48-BC5F-99BB4C3C99CA}.Debug|Any CPU.ActiveCfg = Debug|Any CPU
		{45831D54-85D2-4E48-BC5F-99BB4C3C99CA}.Debug|Any CPU.Build.0 = Debug|Any CPU
		{45831D54-85D2-4E48-BC5F-99BB4C3C99CA}.Release|Any CPU.ActiveCfg = Release|Any CPU
		{45831D54-85D2-4E48-BC5F-99BB4C3C99CA}.Release|Any CPU.Build.0 = Release|Any CPU
		{C807E291-DF2D-4078-A772-D016F3F57A61}.Debug|Any CPU.ActiveCfg = Debug|Any CPU
		{C807E291-DF2D-4078-A772-D016F3F57A61}.Debug|Any CPU.Build.0 = Debug|Any CPU
		{C807E291-DF2D-4078-A772-D016F3F57A61}.Release|Any CPU.ActiveCfg = Release|Any CPU
		{C807E291-DF2D-4078-A772-D016F3F57A61}.Release|Any CPU.Build.0 = Release|Any CPU
	EndGlobalSection
	GlobalSection(SolutionProperties) = preSolution
		HideSolutionNode = FALSE
	EndGlobalSection
	GlobalSection(ExtensibilityGlobals) = postSolution
		SolutionGuid = {F280BF37-52D9-4064-9577-BA8906E156C8}
	EndGlobalSection
EndGlobal
